
Microsoft Visual Studio Solution File, Format Version 12.00
# Visual Studio Version 16
VisualStudioVersion = 16.0.29911.84
MinimumVisualStudioVersion = 10.0.40219.1
Project("{2150E333-8FDC-42A3-9474-1A3956D46DE8}") = "src", "src", "{8CBBA714-ACFD-48EC-9CEC-F8405E535C09}"
EndProject
Project("{2150E333-8FDC-42A3-9474-1A3956D46DE8}") = "Catalog", "Catalog", "{40F18593-AF3F-4BA3-940F-9A147BF34ABE}"
EndProject
Project("{9A19103F-16F7-4668-BE54-9A1E7A4F7556}") = "Catalog.API", "Catalog.API\Catalog.API.csproj", "{148ED352-D048-45CB-9C5B-D8F6D144F82D}"
EndProject
Project("{E53339B2-1760-4266-BCC7-CA923CBCF16C}") = "docker-compose", "docker-compose.dcproj", "{3E584F8F-481A-463A-8322-E9BC74EC5B32}"
EndProject
Project("{2150E333-8FDC-42A3-9474-1A3956D46DE8}") = "Basket", "Basket", "{9C3B91C2-3083-4AF7-9663-C266C4816035}"
EndProject
Project("{9A19103F-16F7-4668-BE54-9A1E7A4F7556}") = "Basket.API", "Basket.API\Basket.API.csproj", "{15A21E67-12F5-44DA-9C5D-280A9F1C0CDD}"
EndProject
Project("{2150E333-8FDC-42A3-9474-1A3956D46DE8}") = "Common", "Common", "{F6A3ABB5-AD7E-490F-AB1A-4949923E4665}"
EndProject
Project("{9A19103F-16F7-4668-BE54-9A1E7A4F7556}") = "EventBusRabbitMQ", "EventBusRabbitMQ\EventBusRabbitMQ.csproj", "{0026B6C9-6589-4DF7-8525-075AFC2D984E}"
EndProject
Project("{2150E333-8FDC-42A3-9474-1A3956D46DE8}") = "Ordering", "Ordering", "{CF6B3E80-D839-4478-A044-F0687FBF6EFA}"
EndProject
Project("{9A19103F-16F7-4668-BE54-9A1E7A4F7556}") = "Ordering.API", "Ordering.API\Ordering.API.csproj", "{9A2CA470-C68D-47C5-8F47-D36FD67FE374}"
EndProject
Project("{9A19103F-16F7-4668-BE54-9A1E7A4F7556}") = "Ordering.Core", "Ordering.Core\Ordering.Core.csproj", "{72F63826-0EC1-4784-B987-E04A46C1DAF4}"
EndProject
Project("{9A19103F-16F7-4668-BE54-9A1E7A4F7556}") = "Ordering.Infrastructure", "Ordering.Infrastructure\Ordering.Infrastructure.csproj", "{40B8BA68-FE19-4588-AAD2-13F15A747464}"
EndProject
Project("{9A19103F-16F7-4668-BE54-9A1E7A4F7556}") = "Ordering.Application", "Ordering.Application\Ordering.Application.csproj", "{BCC7380E-99D1-4645-95C6-06BC03203CC0}"
EndProject
Project("{2150E333-8FDC-42A3-9474-1A3956D46DE8}") = "APIGateway", "APIGateway", "{27C3F607-CEC5-4026-8952-0F11C1A139E3}"
EndProject
Project("{FAE04EC0-301F-11D3-BF4B-00C04F79EFBC}") = "API.Gateway", "API.Gateway\API.Gateway.csproj", "{002A295D-191B-4417-BB61-B8FCAEBE16E5}"
EndProject
Project("{2150E333-8FDC-42A3-9474-1A3956D46DE8}") = "WebApp", "WebApp", "{40FF01D6-7A4B-4A48-BAB3-11429CD42948}"
EndProject
Project("{9A19103F-16F7-4668-BE54-9A1E7A4F7556}") = "AspnetRunBasics", "AspnetRunBasics\AspnetRunBasics.csproj", "{3F6D303F-2E66-4724-86BB-47C6E7C79C8C}"
EndProject
Global
	GlobalSection(SolutionConfigurationPlatforms) = preSolution
		Debug|Any CPU = Debug|Any CPU
		Release|Any CPU = Release|Any CPU
	EndGlobalSection
	GlobalSection(ProjectConfigurationPlatforms) = postSolution
		{148ED352-D048-45CB-9C5B-D8F6D144F82D}.Debug|Any CPU.ActiveCfg = Debug|Any CPU
		{148ED352-D048-45CB-9C5B-D8F6D144F82D}.Debug|Any CPU.Build.0 = Debug|Any CPU
		{148ED352-D048-45CB-9C5B-D8F6D144F82D}.Release|Any CPU.ActiveCfg = Release|Any CPU
		{148ED352-D048-45CB-9C5B-D8F6D144F82D}.Release|Any CPU.Build.0 = Release|Any CPU
		{3E584F8F-481A-463A-8322-E9BC74EC5B32}.Debug|Any CPU.ActiveCfg = Debug|Any CPU
		{3E584F8F-481A-463A-8322-E9BC74EC5B32}.Debug|Any CPU.Build.0 = Debug|Any CPU
		{3E584F8F-481A-463A-8322-E9BC74EC5B32}.Release|Any CPU.ActiveCfg = Release|Any CPU
		{3E584F8F-481A-463A-8322-E9BC74EC5B32}.Release|Any CPU.Build.0 = Release|Any CPU
		{15A21E67-12F5-44DA-9C5D-280A9F1C0CDD}.Debug|Any CPU.ActiveCfg = Debug|Any CPU
		{15A21E67-12F5-44DA-9C5D-280A9F1C0CDD}.Debug|Any CPU.Build.0 = Debug|Any CPU
		{15A21E67-12F5-44DA-9C5D-280A9F1C0CDD}.Release|Any CPU.ActiveCfg = Release|Any CPU
		{15A21E67-12F5-44DA-9C5D-280A9F1C0CDD}.Release|Any CPU.Build.0 = Release|Any CPU
		{0026B6C9-6589-4DF7-8525-075AFC2D984E}.Debug|Any CPU.ActiveCfg = Debug|Any CPU
		{0026B6C9-6589-4DF7-8525-075AFC2D984E}.Debug|Any CPU.Build.0 = Debug|Any CPU
		{0026B6C9-6589-4DF7-8525-075AFC2D984E}.Release|Any CPU.ActiveCfg = Release|Any CPU
		{0026B6C9-6589-4DF7-8525-075AFC2D984E}.Release|Any CPU.Build.0 = Release|Any CPU
		{9A2CA470-C68D-47C5-8F47-D36FD67FE374}.Debug|Any CPU.ActiveCfg = Debug|Any CPU
		{9A2CA470-C68D-47C5-8F47-D36FD67FE374}.Debug|Any CPU.Build.0 = Debug|Any CPU
		{9A2CA470-C68D-47C5-8F47-D36FD67FE374}.Release|Any CPU.ActiveCfg = Release|Any CPU
		{9A2CA470-C68D-47C5-8F47-D36FD67FE374}.Release|Any CPU.Build.0 = Release|Any CPU
		{72F63826-0EC1-4784-B987-E04A46C1DAF4}.Debug|Any CPU.ActiveCfg = Debug|Any CPU
		{72F63826-0EC1-4784-B987-E04A46C1DAF4}.Debug|Any CPU.Build.0 = Debug|Any CPU
		{72F63826-0EC1-4784-B987-E04A46C1DAF4}.Release|Any CPU.ActiveCfg = Release|Any CPU
		{72F63826-0EC1-4784-B987-E04A46C1DAF4}.Release|Any CPU.Build.0 = Release|Any CPU
		{40B8BA68-FE19-4588-AAD2-13F15A747464}.Debug|Any CPU.ActiveCfg = Debug|Any CPU
		{40B8BA68-FE19-4588-AAD2-13F15A747464}.Debug|Any CPU.Build.0 = Debug|Any CPU
		{40B8BA68-FE19-4588-AAD2-13F15A747464}.Release|Any CPU.ActiveCfg = Release|Any CPU
		{40B8BA68-FE19-4588-AAD2-13F15A747464}.Release|Any CPU.Build.0 = Release|Any CPU
		{BCC7380E-99D1-4645-95C6-06BC03203CC0}.Debug|Any CPU.ActiveCfg = Debug|Any CPU
		{BCC7380E-99D1-4645-95C6-06BC03203CC0}.Debug|Any CPU.Build.0 = Debug|Any CPU
		{BCC7380E-99D1-4645-95C6-06BC03203CC0}.Release|Any CPU.ActiveCfg = Release|Any CPU
		{BCC7380E-99D1-4645-95C6-06BC03203CC0}.Release|Any CPU.Build.0 = Release|Any CPU
		{002A295D-191B-4417-BB61-B8FCAEBE16E5}.Debug|Any CPU.ActiveCfg = Debug|Any CPU
		{002A295D-191B-4417-BB61-B8FCAEBE16E5}.Debug|Any CPU.Build.0 = Debug|Any CPU
		{002A295D-191B-4417-BB61-B8FCAEBE16E5}.Release|Any CPU.ActiveCfg = Release|Any CPU
		{002A295D-191B-4417-BB61-B8FCAEBE16E5}.Release|Any CPU.Build.0 = Release|Any CPU
		{3F6D303F-2E66-4724-86BB-47C6E7C79C8C}.Debug|Any CPU.ActiveCfg = Debug|Any CPU
		{3F6D303F-2E66-4724-86BB-47C6E7C79C8C}.Debug|Any CPU.Build.0 = Debug|Any CPU
		{3F6D303F-2E66-4724-86BB-47C6E7C79C8C}.Release|Any CPU.ActiveCfg = Release|Any CPU
		{3F6D303F-2E66-4724-86BB-47C6E7C79C8C}.Release|Any CPU.Build.0 = Release|Any CPU
	EndGlobalSection
	GlobalSection(SolutionProperties) = preSolution
		HideSolutionNode = FALSE
	EndGlobalSection
	GlobalSection(NestedProjects) = preSolution
		{40F18593-AF3F-4BA3-940F-9A147BF34ABE} = {8CBBA714-ACFD-48EC-9CEC-F8405E535C09}
		{148ED352-D048-45CB-9C5B-D8F6D144F82D} = {40F18593-AF3F-4BA3-940F-9A147BF34ABE}
		{9C3B91C2-3083-4AF7-9663-C266C4816035} = {8CBBA714-ACFD-48EC-9CEC-F8405E535C09}
		{15A21E67-12F5-44DA-9C5D-280A9F1C0CDD} = {9C3B91C2-3083-4AF7-9663-C266C4816035}
		{F6A3ABB5-AD7E-490F-AB1A-4949923E4665} = {8CBBA714-ACFD-48EC-9CEC-F8405E535C09}
		{0026B6C9-6589-4DF7-8525-075AFC2D984E} = {F6A3ABB5-AD7E-490F-AB1A-4949923E4665}
		{CF6B3E80-D839-4478-A044-F0687FBF6EFA} = {8CBBA714-ACFD-48EC-9CEC-F8405E535C09}
		{9A2CA470-C68D-47C5-8F47-D36FD67FE374} = {CF6B3E80-D839-4478-A044-F0687FBF6EFA}
		{72F63826-0EC1-4784-B987-E04A46C1DAF4} = {CF6B3E80-D839-4478-A044-F0687FBF6EFA}
		{40B8BA68-FE19-4588-AAD2-13F15A747464} = {CF6B3E80-D839-4478-A044-F0687FBF6EFA}
		{BCC7380E-99D1-4645-95C6-06BC03203CC0} = {CF6B3E80-D839-4478-A044-F0687FBF6EFA}
		{27C3F607-CEC5-4026-8952-0F11C1A139E3} = {8CBBA714-ACFD-48EC-9CEC-F8405E535C09}
		{002A295D-191B-4417-BB61-B8FCAEBE16E5} = {27C3F607-CEC5-4026-8952-0F11C1A139E3}
		{40FF01D6-7A4B-4A48-BAB3-11429CD42948} = {8CBBA714-ACFD-48EC-9CEC-F8405E535C09}
		{3F6D303F-2E66-4724-86BB-47C6E7C79C8C} = {40FF01D6-7A4B-4A48-BAB3-11429CD42948}
	EndGlobalSection
	GlobalSection(ExtensibilityGlobals) = postSolution
		SolutionGuid = {072FAC16-D704-4FD7-869B-B835BEEEF8DE}
	EndGlobalSection
EndGlobal
